
Microsoft Visual Studio Solution File, Format Version 12.00
# Visual Studio Version 17
VisualStudioVersion = 17.0.31912.275
MinimumVisualStudioVersion = 10.0.40219.1
Project("{FAE04EC0-301F-11D3-BF4B-00C04F79EFBC}") = "FunctionApp1", "FunctionApp1\FunctionApp1.csproj", "{5649C6FF-2117-4023-97B4-73ECD32E4488}"
EndProject
Global
	GlobalSection(SolutionConfigurationPlatforms) = preSolution
		Debug|Any CPU = Debug|Any CPU
		Release|Any CPU = Release|Any CPU
	EndGlobalSection
	GlobalSection(ProjectConfigurationPlatforms) = postSolution
		{5649C6FF-2117-4023-97B4-73ECD32E4488}.Debug|Any CPU.ActiveCfg = Debug|Any CPU
		{5649C6FF-2117-4023-97B4-73ECD32E4488}.Debug|Any CPU.Build.0 = Debug|Any CPU
		{5649C6FF-2117-4023-97B4-73ECD32E4488}.Release|Any CPU.ActiveCfg = Release|Any CPU
		{5649C6FF-2117-4023-97B4-73ECD32E4488}.Release|Any CPU.Build.0 = Release|Any CPU
	EndGlobalSection
	GlobalSection(SolutionProperties) = preSolution
		HideSolutionNode = FALSE
	EndGlobalSection
	GlobalSection(ExtensibilityGlobals) = postSolution
		SolutionGuid = {04AB51C1-ABE2-40E1-8F5F-72134EDD4EB9}
	EndGlobalSection
EndGlobal
